<Solution>
  <Configurations>
    <Platform Name="x64" />
    <Platform Name="x86" />
  </Configurations>
  <Project Path="BinarySearch of sorted array/BinarySearch of sorted array.vcxproj" Id="e514a887-ff43-404b-bf39-01d9877bfc71" />
  <Project Path="EuclidAlgo/EuclidAlgo.vcxproj" Id="8390cc46-446d-457a-b41d-aa6b4b37bc69" />
  <Project Path="Homework 3.2/Homework 3.2.vcxproj" Id="aa83c9e0-4156-4e97-b30a-ae100c37ad23" />
  <Project Path="Task 1.1/Task 1.1.vcxproj" Id="76772abc-971c-4865-a670-e8d9ad02403f" />
  <Project Path="Task 1.2/Task 1.2.vcxproj" Id="995a0dab-3591-4c67-9d4e-4451da63e1fb" />
  <Project Path="Task 3.1/Task 3.1.vcxproj" Id="2ab62d34-6bd8-436c-8336-aa7e33ad684d" />
</Solution>
